
Microsoft Visual Studio Solution File, Format Version 12.00
# Visual Studio Version 16
VisualStudioVersion = 16.0.31515.178
MinimumVisualStudioVersion = 10.0.40219.1
Project("{FAE04EC0-301F-11D3-BF4B-00C04F79EFBC}") = "match-game-csharp", "match-game-csharp\match-game-csharp.csproj", "{5FE161EF-10BA-4810-B6FA-91F0B318F009}"
EndProject
Global
	GlobalSection(SolutionConfigurationPlatforms) = preSolution
		Debug|Any CPU = Debug|Any CPU
		Release|Any CPU = Release|Any CPU
	EndGlobalSection
	GlobalSection(ProjectConfigurationPlatforms) = postSolution
		{5FE161EF-10BA-4810-B6FA-91F0B318F009}.Debug|Any CPU.ActiveCfg = Debug|Any CPU
		{5FE161EF-10BA-4810-B6FA-91F0B318F009}.Debug|Any CPU.Build.0 = Debug|Any CPU
		{5FE161EF-10BA-4810-B6FA-91F0B318F009}.Release|Any CPU.ActiveCfg = Release|Any CPU
		{5FE161EF-10BA-4810-B6FA-91F0B318F009}.Release|Any CPU.Build.0 = Release|Any CPU
	EndGlobalSection
	GlobalSection(SolutionProperties) = preSolution
		HideSolutionNode = FALSE
	EndGlobalSection
	GlobalSection(ExtensibilityGlobals) = postSolution
		SolutionGuid = {0C81B205-35AC-466F-99D1-6D1CC354047F}
	EndGlobalSection
EndGlobal
